
Microsoft Visual Studio Solution File, Format Version 12.00
# Visual Studio Version 17
VisualStudioVersion = 17.11.35327.3
MinimumVisualStudioVersion = 10.0.40219.1
Project("{8BC9CEB8-8B4A-11D0-8D11-00A0C91BC942}") = "ALL_BUILD", "ALL_BUILD.vcxproj", "{9A617DA0-E9AB-3EF9-ACD1-C91E5CFDC31A}"
	ProjectSection(ProjectDependencies) = postProject
		{FEB39C37-E864-3BC5-BFF9-50FEDE19729E} = {FEB39C37-E864-3BC5-BFF9-50FEDE19729E}
		{B00FA862-67F6-306B-8D72-23C51657EE50} = {B00FA862-67F6-306B-8D72-23C51657EE50}
		{5922BED4-72E6-3722-8428-9D3983CC8893} = {5922BED4-72E6-3722-8428-9D3983CC8893}
		{428F363D-3E93-38FA-B0F2-60B8509D9B96} = {428F363D-3E93-38FA-B0F2-60B8509D9B96}
		{DBA821CD-29F1-3B2F-AFC2-5D89E5FDDF75} = {DBA821CD-29F1-3B2F-AFC2-5D89E5FDDF75}
		{7012DE05-B54D-3AF9-8D34-EE62A68B3D96} = {7012DE05-B54D-3AF9-8D34-EE62A68B3D96}
		{01219F12-B668-34FF-BD7A-81A8977F9413} = {01219F12-B668-34FF-BD7A-81A8977F9413}
		{ED0A665D-5D95-3E8F-BDA2-71E9AF077BAC} = {ED0A665D-5D95-3E8F-BDA2-71E9AF077BAC}
	EndProjectSection
EndProject
Project("{8BC9CEB8-8B4A-11D0-8D11-00A0C91BC942}") = "AtomicLoopInLoupe", "AtomicLoopInLoupe\AtomicLoopInLoupe.vcxproj", "{FEB39C37-E864-3BC5-BFF9-50FEDE19729E}"
	ProjectSection(ProjectDependencies) = postProject
		{01219F12-B668-34FF-BD7A-81A8977F9413} = {01219F12-B668-34FF-BD7A-81A8977F9413}
	EndProjectSection
EndProject
Project("{8BC9CEB8-8B4A-11D0-8D11-00A0C91BC942}") = "Barricade", "Barricade\Barricade.vcxproj", "{B00FA862-67F6-306B-8D72-23C51657EE50}"
	ProjectSection(ProjectDependencies) = postProject
		{01219F12-B668-34FF-BD7A-81A8977F9413} = {01219F12-B668-34FF-BD7A-81A8977F9413}
	EndProjectSection
EndProject
Project("{8BC9CEB8-8B4A-11D0-8D11-00A0C91BC942}") = "CClatchCC", "CClatchCC\CClatchCC.vcxproj", "{5922BED4-72E6-3722-8428-9D3983CC8893}"
	ProjectSection(ProjectDependencies) = postProject
		{01219F12-B668-34FF-BD7A-81A8977F9413} = {01219F12-B668-34FF-BD7A-81A8977F9413}
	EndProjectSection
EndProject
Project("{8BC9CEB8-8B4A-11D0-8D11-00A0C91BC942}") = "MetaTemplates", "MetaTemplates\MetaTemplates.vcxproj", "{428F363D-3E93-38FA-B0F2-60B8509D9B96}"
	ProjectSection(ProjectDependencies) = postProject
		{01219F12-B668-34FF-BD7A-81A8977F9413} = {01219F12-B668-34FF-BD7A-81A8977F9413}
	EndProjectSection
EndProject
Project("{8BC9CEB8-8B4A-11D0-8D11-00A0C91BC942}") = "SummAnonymous", "SummAnonymous\SummAnonymous.vcxproj", "{DBA821CD-29F1-3B2F-AFC2-5D89E5FDDF75}"
	ProjectSection(ProjectDependencies) = postProject
		{01219F12-B668-34FF-BD7A-81A8977F9413} = {01219F12-B668-34FF-BD7A-81A8977F9413}
	EndProjectSection
EndProject
Project("{8BC9CEB8-8B4A-11D0-8D11-00A0C91BC942}") = "VariadicAsyncT", "VariadicAsyncT\VariadicAsyncT.vcxproj", "{7012DE05-B54D-3AF9-8D34-EE62A68B3D96}"
	ProjectSection(ProjectDependencies) = postProject
		{01219F12-B668-34FF-BD7A-81A8977F9413} = {01219F12-B668-34FF-BD7A-81A8977F9413}
	EndProjectSection
EndProject
Project("{8BC9CEB8-8B4A-11D0-8D11-00A0C91BC942}") = "ZERO_CHECK", "ZERO_CHECK.vcxproj", "{01219F12-B668-34FF-BD7A-81A8977F9413}"
EndProject
Project("{8BC9CEB8-8B4A-11D0-8D11-00A0C91BC942}") = "fft", "FFT\fft.vcxproj", "{ED0A665D-5D95-3E8F-BDA2-71E9AF077BAC}"
	ProjectSection(ProjectDependencies) = postProject
		{01219F12-B668-34FF-BD7A-81A8977F9413} = {01219F12-B668-34FF-BD7A-81A8977F9413}
	EndProjectSection
EndProject
Project("{8BC9CEB8-8B4A-11D0-8D11-00A0C91BC942}") = "Consolating", "Consolating\Consolating.vcxproj", "{4BBB5953-C70C-4A1A-A306-21B6D97D0CE6}"
EndProject
Project("{8BC9CEB8-8B4A-11D0-8D11-00A0C91BC942}") = "JoshuaTree", "..\JoshuaTree\JoshuaTree.vcxproj", "{E8D2EE22-2306-4AEC-AD71-C6C261DC6850}"
EndProject
Global
	GlobalSection(SolutionConfigurationPlatforms) = preSolution
		Debug|x64 = Debug|x64
		Debug|x86 = Debug|x86
		MinSizeRel|x64 = MinSizeRel|x64
		MinSizeRel|x86 = MinSizeRel|x86
		Release|x64 = Release|x64
		Release|x86 = Release|x86
		RelWithDebInfo|x64 = RelWithDebInfo|x64
		RelWithDebInfo|x86 = RelWithDebInfo|x86
	EndGlobalSection
	GlobalSection(ProjectConfigurationPlatforms) = postSolution
		{9A617DA0-E9AB-3EF9-ACD1-C91E5CFDC31A}.Debug|x64.ActiveCfg = Debug|x64
		{9A617DA0-E9AB-3EF9-ACD1-C91E5CFDC31A}.Debug|x86.ActiveCfg = Debug|x64
		{9A617DA0-E9AB-3EF9-ACD1-C91E5CFDC31A}.Debug|x86.Build.0 = Debug|x64
		{9A617DA0-E9AB-3EF9-ACD1-C91E5CFDC31A}.MinSizeRel|x64.ActiveCfg = MinSizeRel|x64
		{9A617DA0-E9AB-3EF9-ACD1-C91E5CFDC31A}.MinSizeRel|x86.ActiveCfg = MinSizeRel|x64
		{9A617DA0-E9AB-3EF9-ACD1-C91E5CFDC31A}.MinSizeRel|x86.Build.0 = MinSizeRel|x64
		{9A617DA0-E9AB-3EF9-ACD1-C91E5CFDC31A}.Release|x64.ActiveCfg = Release|x64
		{9A617DA0-E9AB-3EF9-ACD1-C91E5CFDC31A}.Release|x86.ActiveCfg = Release|x64
		{9A617DA0-E9AB-3EF9-ACD1-C91E5CFDC31A}.Release|x86.Build.0 = Release|x64
		{9A617DA0-E9AB-3EF9-ACD1-C91E5CFDC31A}.RelWithDebInfo|x64.ActiveCfg = RelWithDebInfo|x64
		{9A617DA0-E9AB-3EF9-ACD1-C91E5CFDC31A}.RelWithDebInfo|x86.ActiveCfg = RelWithDebInfo|x64
		{9A617DA0-E9AB-3EF9-ACD1-C91E5CFDC31A}.RelWithDebInfo|x86.Build.0 = RelWithDebInfo|x64
		{FEB39C37-E864-3BC5-BFF9-50FEDE19729E}.Debug|x64.ActiveCfg = Debug|x64
		{FEB39C37-E864-3BC5-BFF9-50FEDE19729E}.Debug|x64.Build.0 = Debug|x64
		{FEB39C37-E864-3BC5-BFF9-50FEDE19729E}.Debug|x86.ActiveCfg = Debug|x64
		{FEB39C37-E864-3BC5-BFF9-50FEDE19729E}.Debug|x86.Build.0 = Debug|x64
		{FEB39C37-E864-3BC5-BFF9-50FEDE19729E}.MinSizeRel|x64.ActiveCfg = MinSizeRel|x64
		{FEB39C37-E864-3BC5-BFF9-50FEDE19729E}.MinSizeRel|x64.Build.0 = MinSizeRel|x64
		{FEB39C37-E864-3BC5-BFF9-50FEDE19729E}.MinSizeRel|x86.ActiveCfg = MinSizeRel|x64
		{FEB39C37-E864-3BC5-BFF9-50FEDE19729E}.MinSizeRel|x86.Build.0 = MinSizeRel|x64
		{FEB39C37-E864-3BC5-BFF9-50FEDE19729E}.Release|x64.ActiveCfg = Release|x64
		{FEB39C37-E864-3BC5-BFF9-50FEDE19729E}.Release|x64.Build.0 = Release|x64
		{FEB39C37-E864-3BC5-BFF9-50FEDE19729E}.Release|x86.ActiveCfg = Release|x64
		{FEB39C37-E864-3BC5-BFF9-50FEDE19729E}.Release|x86.Build.0 = Release|x64
		{FEB39C37-E864-3BC5-BFF9-50FEDE19729E}.RelWithDebInfo|x64.ActiveCfg = RelWithDebInfo|x64
		{FEB39C37-E864-3BC5-BFF9-50FEDE19729E}.RelWithDebInfo|x64.Build.0 = RelWithDebInfo|x64
		{FEB39C37-E864-3BC5-BFF9-50FEDE19729E}.RelWithDebInfo|x86.ActiveCfg = RelWithDebInfo|x64
		{FEB39C37-E864-3BC5-BFF9-50FEDE19729E}.RelWithDebInfo|x86.Build.0 = RelWithDebInfo|x64
		{B00FA862-67F6-306B-8D72-23C51657EE50}.Debug|x64.ActiveCfg = Debug|x64
		{B00FA862-67F6-306B-8D72-23C51657EE50}.Debug|x64.Build.0 = Debug|x64
		{B00FA862-67F6-306B-8D72-23C51657EE50}.Debug|x86.ActiveCfg = Debug|x64
		{B00FA862-67F6-306B-8D72-23C51657EE50}.Debug|x86.Build.0 = Debug|x64
		{B00FA862-67F6-306B-8D72-23C51657EE50}.MinSizeRel|x64.ActiveCfg = MinSizeRel|x64
		{B00FA862-67F6-306B-8D72-23C51657EE50}.MinSizeRel|x64.Build.0 = MinSizeRel|x64
		{B00FA862-67F6-306B-8D72-23C51657EE50}.MinSizeRel|x86.ActiveCfg = MinSizeRel|x64
		{B00FA862-67F6-306B-8D72-23C51657EE50}.MinSizeRel|x86.Build.0 = MinSizeRel|x64
		{B00FA862-67F6-306B-8D72-23C51657EE50}.Release|x64.ActiveCfg = Release|x64
		{B00FA862-67F6-306B-8D72-23C51657EE50}.Release|x64.Build.0 = Release|x64
		{B00FA862-67F6-306B-8D72-23C51657EE50}.Release|x86.ActiveCfg = Release|x64
		{B00FA862-67F6-306B-8D72-23C51657EE50}.Release|x86.Build.0 = Release|x64
		{B00FA862-67F6-306B-8D72-23C51657EE50}.RelWithDebInfo|x64.ActiveCfg = RelWithDebInfo|x64
		{B00FA862-67F6-306B-8D72-23C51657EE50}.RelWithDebInfo|x64.Build.0 = RelWithDebInfo|x64
		{B00FA862-67F6-306B-8D72-23C51657EE50}.RelWithDebInfo|x86.ActiveCfg = RelWithDebInfo|x64
		{B00FA862-67F6-306B-8D72-23C51657EE50}.RelWithDebInfo|x86.Build.0 = RelWithDebInfo|x64
		{5922BED4-72E6-3722-8428-9D3983CC8893}.Debug|x64.ActiveCfg = Debug|x64
		{5922BED4-72E6-3722-8428-9D3983CC8893}.Debug|x64.Build.0 = Debug|x64
		{5922BED4-72E6-3722-8428-9D3983CC8893}.Debug|x86.ActiveCfg = Debug|x64
		{5922BED4-72E6-3722-8428-9D3983CC8893}.Debug|x86.Build.0 = Debug|x64
		{5922BED4-72E6-3722-8428-9D3983CC8893}.MinSizeRel|x64.ActiveCfg = MinSizeRel|x64
		{5922BED4-72E6-3722-8428-9D3983CC8893}.MinSizeRel|x64.Build.0 = MinSizeRel|x64
		{5922BED4-72E6-3722-8428-9D3983CC8893}.MinSizeRel|x86.ActiveCfg = MinSizeRel|x64
		{5922BED4-72E6-3722-8428-9D3983CC8893}.MinSizeRel|x86.Build.0 = MinSizeRel|x64
		{5922BED4-72E6-3722-8428-9D3983CC8893}.Release|x64.ActiveCfg = Release|x64
		{5922BED4-72E6-3722-8428-9D3983CC8893}.Release|x64.Build.0 = Release|x64
		{5922BED4-72E6-3722-8428-9D3983CC8893}.Release|x86.ActiveCfg = Release|x64
		{5922BED4-72E6-3722-8428-9D3983CC8893}.Release|x86.Build.0 = Release|x64
		{5922BED4-72E6-3722-8428-9D3983CC8893}.RelWithDebInfo|x64.ActiveCfg = RelWithDebInfo|x64
		{5922BED4-72E6-3722-8428-9D3983CC8893}.RelWithDebInfo|x64.Build.0 = RelWithDebInfo|x64
		{5922BED4-72E6-3722-8428-9D3983CC8893}.RelWithDebInfo|x86.ActiveCfg = RelWithDebInfo|x64
		{5922BED4-72E6-3722-8428-9D3983CC8893}.RelWithDebInfo|x86.Build.0 = RelWithDebInfo|x64
		{428F363D-3E93-38FA-B0F2-60B8509D9B96}.Debug|x64.ActiveCfg = Debug|x64
		{428F363D-3E93-38FA-B0F2-60B8509D9B96}.Debug|x64.Build.0 = Debug|x64
		{428F363D-3E93-38FA-B0F2-60B8509D9B96}.Debug|x86.ActiveCfg = Debug|x64
		{428F363D-3E93-38FA-B0F2-60B8509D9B96}.Debug|x86.Build.0 = Debug|x64
		{428F363D-3E93-38FA-B0F2-60B8509D9B96}.MinSizeRel|x64.ActiveCfg = MinSizeRel|x64
		{428F363D-3E93-38FA-B0F2-60B8509D9B96}.MinSizeRel|x64.Build.0 = MinSizeRel|x64
		{428F363D-3E93-38FA-B0F2-60B8509D9B96}.MinSizeRel|x86.ActiveCfg = MinSizeRel|x64
		{428F363D-3E93-38FA-B0F2-60B8509D9B96}.MinSizeRel|x86.Build.0 = MinSizeRel|x64
		{428F363D-3E93-38FA-B0F2-60B8509D9B96}.Release|x64.ActiveCfg = Release|x64
		{428F363D-3E93-38FA-B0F2-60B8509D9B96}.Release|x64.Build.0 = Release|x64
		{428F363D-3E93-38FA-B0F2-60B8509D9B96}.Release|x86.ActiveCfg = Release|x64
		{428F363D-3E93-38FA-B0F2-60B8509D9B96}.Release|x86.Build.0 = Release|x64
		{428F363D-3E93-38FA-B0F2-60B8509D9B96}.RelWithDebInfo|x64.ActiveCfg = RelWithDebInfo|x64
		{428F363D-3E93-38FA-B0F2-60B8509D9B96}.RelWithDebInfo|x64.Build.0 = RelWithDebInfo|x64
		{428F363D-3E93-38FA-B0F2-60B8509D9B96}.RelWithDebInfo|x86.ActiveCfg = RelWithDebInfo|x64
		{428F363D-3E93-38FA-B0F2-60B8509D9B96}.RelWithDebInfo|x86.Build.0 = RelWithDebInfo|x64
		{DBA821CD-29F1-3B2F-AFC2-5D89E5FDDF75}.Debug|x64.ActiveCfg = Debug|x64
		{DBA821CD-29F1-3B2F-AFC2-5D89E5FDDF75}.Debug|x64.Build.0 = Debug|x64
		{DBA821CD-29F1-3B2F-AFC2-5D89E5FDDF75}.Debug|x86.ActiveCfg = Debug|x64
		{DBA821CD-29F1-3B2F-AFC2-5D89E5FDDF75}.Debug|x86.Build.0 = Debug|x64
		{DBA821CD-29F1-3B2F-AFC2-5D89E5FDDF75}.MinSizeRel|x64.ActiveCfg = MinSizeRel|x64
		{DBA821CD-29F1-3B2F-AFC2-5D89E5FDDF75}.MinSizeRel|x64.Build.0 = MinSizeRel|x64
		{DBA821CD-29F1-3B2F-AFC2-5D89E5FDDF75}.MinSizeRel|x86.ActiveCfg = MinSizeRel|x64
		{DBA821CD-29F1-3B2F-AFC2-5D89E5FDDF75}.MinSizeRel|x86.Build.0 = MinSizeRel|x64
		{DBA821CD-29F1-3B2F-AFC2-5D89E5FDDF75}.Release|x64.ActiveCfg = Release|x64
		{DBA821CD-29F1-3B2F-AFC2-5D89E5FDDF75}.Release|x64.Build.0 = Release|x64
		{DBA821CD-29F1-3B2F-AFC2-5D89E5FDDF75}.Release|x86.ActiveCfg = Release|x64
		{DBA821CD-29F1-3B2F-AFC2-5D89E5FDDF75}.Release|x86.Build.0 = Release|x64
		{DBA821CD-29F1-3B2F-AFC2-5D89E5FDDF75}.RelWithDebInfo|x64.ActiveCfg = RelWithDebInfo|x64
		{DBA821CD-29F1-3B2F-AFC2-5D89E5FDDF75}.RelWithDebInfo|x64.Build.0 = RelWithDebInfo|x64
		{DBA821CD-29F1-3B2F-AFC2-5D89E5FDDF75}.RelWithDebInfo|x86.ActiveCfg = RelWithDebInfo|x64
		{DBA821CD-29F1-3B2F-AFC2-5D89E5FDDF75}.RelWithDebInfo|x86.Build.0 = RelWithDebInfo|x64
		{7012DE05-B54D-3AF9-8D34-EE62A68B3D96}.Debug|x64.ActiveCfg = Debug|x64
		{7012DE05-B54D-3AF9-8D34-EE62A68B3D96}.Debug|x64.Build.0 = Debug|x64
		{7012DE05-B54D-3AF9-8D34-EE62A68B3D96}.Debug|x86.ActiveCfg = Debug|x64
		{7012DE05-B54D-3AF9-8D34-EE62A68B3D96}.Debug|x86.Build.0 = Debug|x64
		{7012DE05-B54D-3AF9-8D34-EE62A68B3D96}.MinSizeRel|x64.ActiveCfg = MinSizeRel|x64
		{7012DE05-B54D-3AF9-8D34-EE62A68B3D96}.MinSizeRel|x64.Build.0 = MinSizeRel|x64
		{7012DE05-B54D-3AF9-8D34-EE62A68B3D96}.MinSizeRel|x86.ActiveCfg = MinSizeRel|x64
		{7012DE05-B54D-3AF9-8D34-EE62A68B3D96}.MinSizeRel|x86.Build.0 = MinSizeRel|x64
		{7012DE05-B54D-3AF9-8D34-EE62A68B3D96}.Release|x64.ActiveCfg = Release|x64
		{7012DE05-B54D-3AF9-8D34-EE62A68B3D96}.Release|x64.Build.0 = Release|x64
		{7012DE05-B54D-3AF9-8D34-EE62A68B3D96}.Release|x86.ActiveCfg = Release|x64
		{7012DE05-B54D-3AF9-8D34-EE62A68B3D96}.Release|x86.Build.0 = Release|x64
		{7012DE05-B54D-3AF9-8D34-EE62A68B3D96}.RelWithDebInfo|x64.ActiveCfg = RelWithDebInfo|x64
		{7012DE05-B54D-3AF9-8D34-EE62A68B3D96}.RelWithDebInfo|x64.Build.0 = RelWithDebInfo|x64
		{7012DE05-B54D-3AF9-8D34-EE62A68B3D96}.RelWithDebInfo|x86.ActiveCfg = RelWithDebInfo|x64
		{7012DE05-B54D-3AF9-8D34-EE62A68B3D96}.RelWithDebInfo|x86.Build.0 = RelWithDebInfo|x64
		{01219F12-B668-34FF-BD7A-81A8977F9413}.Debug|x64.ActiveCfg = Debug|x64
		{01219F12-B668-34FF-BD7A-81A8977F9413}.Debug|x64.Build.0 = Debug|x64
		{01219F12-B668-34FF-BD7A-81A8977F9413}.Debug|x86.ActiveCfg = Debug|x64
		{01219F12-B668-34FF-BD7A-81A8977F9413}.Debug|x86.Build.0 = Debug|x64
		{01219F12-B668-34FF-BD7A-81A8977F9413}.MinSizeRel|x64.ActiveCfg = MinSizeRel|x64
		{01219F12-B668-34FF-BD7A-81A8977F9413}.MinSizeRel|x64.Build.0 = MinSizeRel|x64
		{01219F12-B668-34FF-BD7A-81A8977F9413}.MinSizeRel|x86.ActiveCfg = MinSizeRel|x64
		{01219F12-B668-34FF-BD7A-81A8977F9413}.MinSizeRel|x86.Build.0 = MinSizeRel|x64
		{01219F12-B668-34FF-BD7A-81A8977F9413}.Release|x64.ActiveCfg = Release|x64
		{01219F12-B668-34FF-BD7A-81A8977F9413}.Release|x64.Build.0 = Release|x64
		{01219F12-B668-34FF-BD7A-81A8977F9413}.Release|x86.ActiveCfg = Release|x64
		{01219F12-B668-34FF-BD7A-81A8977F9413}.Release|x86.Build.0 = Release|x64
		{01219F12-B668-34FF-BD7A-81A8977F9413}.RelWithDebInfo|x64.ActiveCfg = RelWithDebInfo|x64
		{01219F12-B668-34FF-BD7A-81A8977F9413}.RelWithDebInfo|x64.Build.0 = RelWithDebInfo|x64
		{01219F12-B668-34FF-BD7A-81A8977F9413}.RelWithDebInfo|x86.ActiveCfg = RelWithDebInfo|x64
		{01219F12-B668-34FF-BD7A-81A8977F9413}.RelWithDebInfo|x86.Build.0 = RelWithDebInfo|x64
		{ED0A665D-5D95-3E8F-BDA2-71E9AF077BAC}.Debug|x64.ActiveCfg = Debug|x64
		{ED0A665D-5D95-3E8F-BDA2-71E9AF077BAC}.Debug|x64.Build.0 = Debug|x64
		{ED0A665D-5D95-3E8F-BDA2-71E9AF077BAC}.Debug|x86.ActiveCfg = Debug|x64
		{ED0A665D-5D95-3E8F-BDA2-71E9AF077BAC}.Debug|x86.Build.0 = Debug|x64
		{ED0A665D-5D95-3E8F-BDA2-71E9AF077BAC}.MinSizeRel|x64.ActiveCfg = MinSizeRel|x64
		{ED0A665D-5D95-3E8F-BDA2-71E9AF077BAC}.MinSizeRel|x64.Build.0 = MinSizeRel|x64
		{ED0A665D-5D95-3E8F-BDA2-71E9AF077BAC}.MinSizeRel|x86.ActiveCfg = MinSizeRel|x64
		{ED0A665D-5D95-3E8F-BDA2-71E9AF077BAC}.MinSizeRel|x86.Build.0 = MinSizeRel|x64
		{ED0A665D-5D95-3E8F-BDA2-71E9AF077BAC}.Release|x64.ActiveCfg = Release|x64
		{ED0A665D-5D95-3E8F-BDA2-71E9AF077BAC}.Release|x64.Build.0 = Release|x64
		{ED0A665D-5D95-3E8F-BDA2-71E9AF077BAC}.Release|x86.ActiveCfg = Release|x64
		{ED0A665D-5D95-3E8F-BDA2-71E9AF077BAC}.Release|x86.Build.0 = Release|x64
		{ED0A665D-5D95-3E8F-BDA2-71E9AF077BAC}.RelWithDebInfo|x64.ActiveCfg = RelWithDebInfo|x64
		{ED0A665D-5D95-3E8F-BDA2-71E9AF077BAC}.RelWithDebInfo|x64.Build.0 = RelWithDebInfo|x64
		{ED0A665D-5D95-3E8F-BDA2-71E9AF077BAC}.RelWithDebInfo|x86.ActiveCfg = RelWithDebInfo|x64
		{ED0A665D-5D95-3E8F-BDA2-71E9AF077BAC}.RelWithDebInfo|x86.Build.0 = RelWithDebInfo|x64
		{4BBB5953-C70C-4A1A-A306-21B6D97D0CE6}.Debug|x64.ActiveCfg = Debug|x64
		{4BBB5953-C70C-4A1A-A306-21B6D97D0CE6}.Debug|x64.Build.0 = Debug|x64
		{4BBB5953-C70C-4A1A-A306-21B6D97D0CE6}.Debug|x86.ActiveCfg = Debug|Win32
		{4BBB5953-C70C-4A1A-A306-21B6D97D0CE6}.Debug|x86.Build.0 = Debug|Win32
		{4BBB5953-C70C-4A1A-A306-21B6D97D0CE6}.MinSizeRel|x64.ActiveCfg = Debug|x64
		{4BBB5953-C70C-4A1A-A306-21B6D97D0CE6}.MinSizeRel|x64.Build.0 = Debug|x64
		{4BBB5953-C70C-4A1A-A306-21B6D97D0CE6}.MinSizeRel|x86.ActiveCfg = Debug|Win32
		{4BBB5953-C70C-4A1A-A306-21B6D97D0CE6}.MinSizeRel|x86.Build.0 = Debug|Win32
		{4BBB5953-C70C-4A1A-A306-21B6D97D0CE6}.Release|x64.ActiveCfg = Release|x64
		{4BBB5953-C70C-4A1A-A306-21B6D97D0CE6}.Release|x64.Build.0 = Release|x64
		{4BBB5953-C70C-4A1A-A306-21B6D97D0CE6}.Release|x86.ActiveCfg = Release|Win32
		{4BBB5953-C70C-4A1A-A306-21B6D97D0CE6}.Release|x86.Build.0 = Release|Win32
		{4BBB5953-C70C-4A1A-A306-21B6D97D0CE6}.RelWithDebInfo|x64.ActiveCfg = Release|x64
		{4BBB5953-C70C-4A1A-A306-21B6D97D0CE6}.RelWithDebInfo|x64.Build.0 = Release|x64
		{4BBB5953-C70C-4A1A-A306-21B6D97D0CE6}.RelWithDebInfo|x86.ActiveCfg = Release|Win32
		{4BBB5953-C70C-4A1A-A306-21B6D97D0CE6}.RelWithDebInfo|x86.Build.0 = Release|Win32
		{E8D2EE22-2306-4AEC-AD71-C6C261DC6850}.Debug|x64.ActiveCfg = Debug|x64
		{E8D2EE22-2306-4AEC-AD71-C6C261DC6850}.Debug|x64.Build.0 = Debug|x64
		{E8D2EE22-2306-4AEC-AD71-C6C261DC6850}.Debug|x86.ActiveCfg = Debug|Win32
		{E8D2EE22-2306-4AEC-AD71-C6C261DC6850}.Debug|x86.Build.0 = Debug|Win32
		{E8D2EE22-2306-4AEC-AD71-C6C261DC6850}.MinSizeRel|x64.ActiveCfg = Debug|x64
		{E8D2EE22-2306-4AEC-AD71-C6C261DC6850}.MinSizeRel|x64.Build.0 = Debug|x64
		{E8D2EE22-2306-4AEC-AD71-C6C261DC6850}.MinSizeRel|x86.ActiveCfg = Debug|Win32
		{E8D2EE22-2306-4AEC-AD71-C6C261DC6850}.MinSizeRel|x86.Build.0 = Debug|Win32
		{E8D2EE22-2306-4AEC-AD71-C6C261DC6850}.Release|x64.ActiveCfg = Release|x64
		{E8D2EE22-2306-4AEC-AD71-C6C261DC6850}.Release|x64.Build.0 = Release|x64
		{E8D2EE22-2306-4AEC-AD71-C6C261DC6850}.Release|x86.ActiveCfg = Release|Win32
		{E8D2EE22-2306-4AEC-AD71-C6C261DC6850}.Release|x86.Build.0 = Release|Win32
		{E8D2EE22-2306-4AEC-AD71-C6C261DC6850}.RelWithDebInfo|x64.ActiveCfg = Release|x64
		{E8D2EE22-2306-4AEC-AD71-C6C261DC6850}.RelWithDebInfo|x64.Build.0 = Release|x64
		{E8D2EE22-2306-4AEC-AD71-C6C261DC6850}.RelWithDebInfo|x86.ActiveCfg = Release|Win32
		{E8D2EE22-2306-4AEC-AD71-C6C261DC6850}.RelWithDebInfo|x86.Build.0 = Release|Win32
	EndGlobalSection
	GlobalSection(SolutionProperties) = preSolution
		HideSolutionNode = FALSE
	EndGlobalSection
	GlobalSection(ExtensibilityGlobals) = postSolution
		SolutionGuid = {0A09F38C-DD73-3232-9CC6-D252E546F20A}
	EndGlobalSection
EndGlobal
